Microsoft Visual Studio Solution File, Format Version 11.00
# Visual Studio 2008

Project("{3EB71B91-D7E1-196B-1E82-20D5B74BC05F}") = "SpacePizza_Main", "Assembly-CSharp.csproj", "{04A0A354-53C6-281E-06FD-C4DA2F89F9DB}"
EndProject
Project("{3EB71B91-D7E1-196B-1E82-20D5B74BC05F}") = "SpacePizza_Main", "Assembly-UnityScript.unityproj", "{8227CA2C-CE7D-7DFF-8042-90096117FDE3}"
EndProject
Global
	GlobalSection(SolutionConfigurationPlatforms) = preSolution
		Debug|Any CPU = Debug|Any CPU
		Release|Any CPU = Release|Any CPU
	EndGlobalSection
	GlobalSection(ProjectConfigurationPlatforms) = postSolution
		{04A0A354-53C6-281E-06FD-C4DA2F89F9DB}.Debug|Any CPU.ActiveCfg = Debug|Any CPU
		{04A0A354-53C6-281E-06FD-C4DA2F89F9DB}.Debug|Any CPU.Build.0 = Debug|Any CPU
		{04A0A354-53C6-281E-06FD-C4DA2F89F9DB}.Release|Any CPU.ActiveCfg = Release|Any CPU
		{04A0A354-53C6-281E-06FD-C4DA2F89F9DB}.Release|Any CPU.Build.0 = Release|Any CPU
		{8227CA2C-CE7D-7DFF-8042-90096117FDE3}.Debug|Any CPU.ActiveCfg = Debug|Any CPU
		{8227CA2C-CE7D-7DFF-8042-90096117FDE3}.Debug|Any CPU.Build.0 = Debug|Any CPU
		{8227CA2C-CE7D-7DFF-8042-90096117FDE3}.Release|Any CPU.ActiveCfg = Release|Any CPU
		{8227CA2C-CE7D-7DFF-8042-90096117FDE3}.Release|Any CPU.Build.0 = Release|Any CPU
	EndGlobalSection
	GlobalSection(SolutionProperties) = preSolution
		HideSolutionNode = FALSE
	EndGlobalSection
																										GlobalSection(MonoDevelopProperties) = preSolution
=======
<<<<<<< HEAD
<<<<<<< HEAD
										GlobalSection(MonoDevelopProperties) = preSolution
=======
														GlobalSection(MonoDevelopProperties) = preSolution
>>>>>>> 8f1f451f8e60413a13205684b4ffba145c5f894f
=======
																																GlobalSection(MonoDevelopProperties) = preSolution
>>>>>>> victor
=======
									GlobalSection(MonoDevelopProperties) = preSolution
>>>>>>> master
=======
											GlobalSection(MonoDevelopProperties) = preSolution
>>>>>>> master
<<<<<<< HEAD
>>>>>>> f2746f7ccab8aa8e15dc3977867c73784e24f153
=======
>>>>>>> 8f1f451f8e60413a13205684b4ffba145c5f894f
		StartupItem = Assembly-CSharp.csproj
		Policies = $0
		$0.TextStylePolicy = $1
		$1.inheritsSet = null
		$1.scope = text/x-csharp
		$0.CSharpFormattingPolicy = $2
		$2.inheritsSet = Mono
		$2.inheritsScope = text/x-csharp
		$2.scope = text/x-csharp
		$0.TextStylePolicy = $3
		$3.FileWidth = 120
		$3.TabWidth = 4
		$3.EolMarker = Unix
		$3.inheritsSet = Mono
		$3.inheritsScope = text/plain
		$3.scope = text/plain
	EndGlobalSection

EndGlobal
